
Microsoft Visual Studio Solution File, Format Version 12.00
# Visual Studio Version 17
VisualStudioVersion = 17.12.35707.178 d17.12
MinimumVisualStudioVersion = 10.0.40219.1
Project("{FAE04EC0-301F-11D3-BF4B-00C04F79EFBC}") = "PruebaTecnica", "PruebaTecnica.csproj", "{13AB9FA3-6EF6-40E2-9E2D-55177C4AFDBE}"
EndProject
Global
	GlobalSection(SolutionConfigurationPlatforms) = preSolution
		Debug|Any CPU = Debug|Any CPU
		Release|Any CPU = Release|Any CPU
	EndGlobalSection
	GlobalSection(ProjectConfigurationPlatforms) = postSolution
		{13AB9FA3-6EF6-40E2-9E2D-55177C4AFDBE}.Debug|Any CPU.ActiveCfg = Debug|Any CPU
		{13AB9FA3-6EF6-40E2-9E2D-55177C4AFDBE}.Debug|Any CPU.Build.0 = Debug|Any CPU
		{13AB9FA3-6EF6-40E2-9E2D-55177C4AFDBE}.Release|Any CPU.ActiveCfg = Release|Any CPU
		{13AB9FA3-6EF6-40E2-9E2D-55177C4AFDBE}.Release|Any CPU.Build.0 = Release|Any CPU
	EndGlobalSection
	GlobalSection(SolutionProperties) = preSolution
		HideSolutionNode = FALSE
	EndGlobalSection
EndGlobal
